
Microsoft Visual Studio Solution File, Format Version 12.00
# Visual Studio Version 17
VisualStudioVersion = 17.12.35323.107
MinimumVisualStudioVersion = 10.0.40219.1
Project("{FAE04EC0-301F-11D3-BF4B-00C04F79EFBC}") = "SortOrders", "SortOrders\SortOrders.csproj", "{EB74EE1A-8E42-444F-AD3C-E47EFC2C9FAA}"
EndProject
Project("{2150E333-8FDC-42A3-9474-1A3956D46DE8}") = "Элементы решения", "Элементы решения", "{4572D4B1-26CA-4086-BBA5-E76B273119A0}"
	ProjectSection(SolutionItems) = preProject
		readme.md = readme.md
	EndProjectSection
EndProject
Project("{FAE04EC0-301F-11D3-BF4B-00C04F79EFBC}") = "SortOrders.UnitTests", "SortOrders.UnitTests\SortOrders.UnitTests.csproj", "{6C821AEE-D568-4925-A21C-CD4D55EA89F0}"
EndProject
Global
	GlobalSection(SolutionConfigurationPlatforms) = preSolution
		Debug|Any CPU = Debug|Any CPU
		Release|Any CPU = Release|Any CPU
	EndGlobalSection
	GlobalSection(ProjectConfigurationPlatforms) = postSolution
		{EB74EE1A-8E42-444F-AD3C-E47EFC2C9FAA}.Debug|Any CPU.ActiveCfg = Debug|Any CPU
		{EB74EE1A-8E42-444F-AD3C-E47EFC2C9FAA}.Debug|Any CPU.Build.0 = Debug|Any CPU
		{EB74EE1A-8E42-444F-AD3C-E47EFC2C9FAA}.Release|Any CPU.ActiveCfg = Release|Any CPU
		{EB74EE1A-8E42-444F-AD3C-E47EFC2C9FAA}.Release|Any CPU.Build.0 = Release|Any CPU
		{6C821AEE-D568-4925-A21C-CD4D55EA89F0}.Debug|Any CPU.ActiveCfg = Debug|Any CPU
		{6C821AEE-D568-4925-A21C-CD4D55EA89F0}.Debug|Any CPU.Build.0 = Debug|Any CPU
		{6C821AEE-D568-4925-A21C-CD4D55EA89F0}.Release|Any CPU.ActiveCfg = Release|Any CPU
		{6C821AEE-D568-4925-A21C-CD4D55EA89F0}.Release|Any CPU.Build.0 = Release|Any CPU
	EndGlobalSection
	GlobalSection(SolutionProperties) = preSolution
		HideSolutionNode = FALSE
	EndGlobalSection
	GlobalSection(ExtensibilityGlobals) = postSolution
		SolutionGuid = {06DD02F5-B180-4161-92C4-F2DED3E28321}
	EndGlobalSection
EndGlobal
